
Microsoft Visual Studio Solution File, Format Version 12.00
# Visual Studio Version 16
VisualStudioVersion = 16.0.31321.278
MinimumVisualStudioVersion = 10.0.40219.1
Project("{FAE04EC0-301F-11D3-BF4B-00C04F79EFBC}") = "Rain", "Rain\Rain.csproj", "{57A18EAD-249C-4499-8A38-30F6C0EBFF32}"
EndProject
Global
	GlobalSection(SolutionConfigurationPlatforms) = preSolution
		Debug|Any CPU = Debug|Any CPU
		Release|Any CPU = Release|Any CPU
	EndGlobalSection
	GlobalSection(ProjectConfigurationPlatforms) = postSolution
		{57A18EAD-249C-4499-8A38-30F6C0EBFF32}.Debug|Any CPU.ActiveCfg = Debug|Any CPU
		{57A18EAD-249C-4499-8A38-30F6C0EBFF32}.Debug|Any CPU.Build.0 = Debug|Any CPU
		{57A18EAD-249C-4499-8A38-30F6C0EBFF32}.Release|Any CPU.ActiveCfg = Release|Any CPU
		{57A18EAD-249C-4499-8A38-30F6C0EBFF32}.Release|Any CPU.Build.0 = Release|Any CPU
	EndGlobalSection
	GlobalSection(SolutionProperties) = preSolution
		HideSolutionNode = FALSE
	EndGlobalSection
	GlobalSection(ExtensibilityGlobals) = postSolution
		SolutionGuid = {8259430C-776B-48DB-BF9D-379A2FD349B6}
	EndGlobalSection
EndGlobal
